
Microsoft Visual Studio Solution File, Format Version 12.00
# Visual Studio Version 17
VisualStudioVersion = 17.8.34525.116
MinimumVisualStudioVersion = 10.0.40219.1
Project("{FAE04EC0-301F-11D3-BF4B-00C04F79EFBC}") = "Asal Sayı Bulma", "Asal Sayı Bulma\Asal Sayı Bulma.csproj", "{04C179B3-B87E-4B3F-AA2F-12ED68778CE3}"
EndProject
Global
	GlobalSection(SolutionConfigurationPlatforms) = preSolution
		Debug|Any CPU = Debug|Any CPU
		Release|Any CPU = Release|Any CPU
	EndGlobalSection
	GlobalSection(ProjectConfigurationPlatforms) = postSolution
		{04C179B3-B87E-4B3F-AA2F-12ED68778CE3}.Debug|Any CPU.ActiveCfg = Debug|Any CPU
		{04C179B3-B87E-4B3F-AA2F-12ED68778CE3}.Debug|Any CPU.Build.0 = Debug|Any CPU
		{04C179B3-B87E-4B3F-AA2F-12ED68778CE3}.Release|Any CPU.ActiveCfg = Release|Any CPU
		{04C179B3-B87E-4B3F-AA2F-12ED68778CE3}.Release|Any CPU.Build.0 = Release|Any CPU
	EndGlobalSection
	GlobalSection(SolutionProperties) = preSolution
		HideSolutionNode = FALSE
	EndGlobalSection
	GlobalSection(ExtensibilityGlobals) = postSolution
		SolutionGuid = {54FBEAB3-BE59-4918-BA0A-3AB224EF69A1}
	EndGlobalSection
EndGlobal
